
Microsoft Visual Studio Solution File, Format Version 12.00
# Visual Studio 15
VisualStudioVersion = 15.0.27703.2042
MinimumVisualStudioVersion = 10.0.40219.1
Project("{FAE04EC0-301F-11D3-BF4B-00C04F79EFBC}") = "Angular2_Pragim", "Angular2_Pragim\Angular2_Pragim.csproj", "{94BED02F-5BBF-4F4D-BF3E-3659287F3202}"
EndProject
Project("{FAE04EC0-301F-11D3-BF4B-00C04F79EFBC}") = "AngularWebApiService", "AngularWebApiService\AngularWebApiService.csproj", "{1D30EFD3-09FA-48AF-878C-29043712BA3F}"
EndProject
Global
	GlobalSection(SolutionConfigurationPlatforms) = preSolution
		Debug|Any CPU = Debug|Any CPU
		Release|Any CPU = Release|Any CPU
	EndGlobalSection
	GlobalSection(ProjectConfigurationPlatforms) = postSolution
		{94BED02F-5BBF-4F4D-BF3E-3659287F3202}.Debug|Any CPU.ActiveCfg = Debug|Any CPU
		{94BED02F-5BBF-4F4D-BF3E-3659287F3202}.Debug|Any CPU.Build.0 = Debug|Any CPU
		{94BED02F-5BBF-4F4D-BF3E-3659287F3202}.Release|Any CPU.ActiveCfg = Release|Any CPU
		{94BED02F-5BBF-4F4D-BF3E-3659287F3202}.Release|Any CPU.Build.0 = Release|Any CPU
		{1D30EFD3-09FA-48AF-878C-29043712BA3F}.Debug|Any CPU.ActiveCfg = Debug|Any CPU
		{1D30EFD3-09FA-48AF-878C-29043712BA3F}.Debug|Any CPU.Build.0 = Debug|Any CPU
		{1D30EFD3-09FA-48AF-878C-29043712BA3F}.Release|Any CPU.ActiveCfg = Release|Any CPU
		{1D30EFD3-09FA-48AF-878C-29043712BA3F}.Release|Any CPU.Build.0 = Release|Any CPU
	EndGlobalSection
	GlobalSection(SolutionProperties) = preSolution
		HideSolutionNode = FALSE
	EndGlobalSection
	GlobalSection(ExtensibilityGlobals) = postSolution
		SolutionGuid = {255DA569-CB9B-4790-B4B2-685F7DFA0C84}
	EndGlobalSection
EndGlobal
